// !$*UTF8*$!
{
	archiveVersion = 1;
	classes = {
	};
	objectVersion = 52;
	objects = {

/* Begin PBXBuildFile section */
		7628EBD027E550140077ECFD /* Main.framework in Frameworks */ = {isa = PBXBuildFile; fileRef = 7628EBCF27E550140077ECFD /* Main.framework */; };
		7628EBD127E550140077ECFD /* Main.framework in Embed Frameworks */ = {isa = PBXBuildFile; fileRef = 7628EBCF27E550140077ECFD /* Main.framework */; settings = {ATTRIBUTES = (CodeSignOnCopy, RemoveHeadersOnCopy, ); }; };
		7628EBD527E551D60077ECFD /* iosAppTests.swift in Sources */ = {isa = PBXBuildFile; fileRef = 7628EBD427E551D60077ECFD /* iosAppTests.swift */; };
		7638B03127DF036000FB4815 /* shared.xcframework in Frameworks */ = {isa = PBXBuildFile; fileRef = 7638B03027DF036000FB4815 /* shared.xcframework */; };
		7651D6D427DFA33100FF41B3 /* iOSApp.swift in Sources */ = {isa = PBXBuildFile; fileRef = 7651D6D327DFA33100FF41B3 /* iOSApp.swift */; };
		7684E24E27DACBC400BDD21B /* SplashScreen.storyboard in Resources */ = {isa = PBXBuildFile; fileRef = 7684E24D27DACBC400BDD21B /* SplashScreen.storyboard */; };
		76B43C6627D875E900F21076 /* Assets.xcassets in Resources */ = {isa = PBXBuildFile; fileRef = 058557BA273AAA24004C7B11 /* Assets.xcassets */; };
		76B43C6727D875E900F21076 /* Preview Assets.xcassets in Resources */ = {isa = PBXBuildFile; fileRef = 058557D8273AAEEB004C7B11 /* Preview Assets.xcassets */; };
		76B770F627C5F2520009A58E /* BottomNavigationUITests.swift in Sources */ = {isa = PBXBuildFile; fileRef = 768FCAB527B7292C00D0C0EB /* BottomNavigationUITests.swift */; };
		76E3CA6F27A8DC8200C24DC2 /* Localizable.strings in Resources */ = {isa = PBXBuildFile; fileRef = 76E3CA6E27A8DC8200C24DC2 /* Localizable.strings */; };
/* End PBXBuildFile section */

/* Begin PBXContainerItemProxy section */
		760BE86327E1570A000AD1A7 /* PBXContainerItemProxy */ = {
			isa = PBXContainerItemProxy;
			containerPortal = 760BE85F27E15709000AD1A7 /* Artist.xcodeproj */;
			proxyType = 2;
			remoteGlobalIDString = 760BE85527E15709000AD1A7;
			remoteInfo = Artist;
		};
		76107BE227DF28090024B27B /* PBXContainerItemProxy */ = {
			isa = PBXContainerItemProxy;
			containerPortal = 76CF98E127DEFE1B00AC185E /* Colors.xcodeproj */;
			proxyType = 2;
			remoteGlobalIDString = 7654425827DF1D0D003346EE;
			remoteInfo = ColorsDemo;
		};
		76107BE527DF28090024B27B /* PBXContainerItemProxy */ = {
			isa = PBXContainerItemProxy;
			containerPortal = 76CF991B27DEFEA600AC185E /* Home.xcodeproj */;
			proxyType = 2;
			remoteGlobalIDString = 765441F427DF1715003346EE;
			remoteInfo = HomeDemo;
		};
		76107BEA27DF28090024B27B /* PBXContainerItemProxy */ = {
			isa = PBXContainerItemProxy;
			containerPortal = 76CF996727DEFEEA00AC185E /* SharedUI.xcodeproj */;
			proxyType = 2;
			remoteGlobalIDString = 7654424627DF1ACD003346EE;
			remoteInfo = SharedUIDemo;
		};
		76107C2627DF287F0024B27B /* PBXContainerItemProxy */ = {
			isa = PBXContainerItemProxy;
			containerPortal = 76107C2227DF287E0024B27B /* Tips.xcodeproj */;
			proxyType = 2;
			remoteGlobalIDString = 76107C1827DF287E0024B27B;
			remoteInfo = Tips;
		};
		76107C6727DF2A250024B27B /* PBXContainerItemProxy */ = {
			isa = PBXContainerItemProxy;
			containerPortal = 76107C6327DF2A240024B27B /* SongPlaying.xcodeproj */;
			proxyType = 2;
			remoteGlobalIDString = 76107C5927DF2A240024B27B;
			remoteInfo = SongPlaying;
		};
		7640012427DF03F2000FB31A /* PBXContainerItemProxy */ = {
			isa = PBXContainerItemProxy;
			containerPortal = 7640012027DF03F2000FB31A /* Login.xcodeproj */;
			proxyType = 2;
			remoteGlobalIDString = 7640011627DF03F2000FB31A;
			remoteInfo = Login;
		};
		765441B827DF0E86003346EE /* PBXContainerItemProxy */ = {
			isa = PBXContainerItemProxy;
			containerPortal = 7640012027DF03F2000FB31A /* Login.xcodeproj */;
			proxyType = 2;
			remoteGlobalIDString = 7640015E27DF0B77000FB31A;
			remoteInfo = Demo;
		};
		7683128F27A38F480056BC6B /* PBXContainerItemProxy */ = {
			isa = PBXContainerItemProxy;
			containerPortal = 7555FF73242A565900829871 /* Project object */;
			proxyType = 1;
			remoteGlobalIDString = 7555FF7A242A565900829871;
			remoteInfo = iosApp;
		};
		76B770F127C5F2070009A58E /* PBXContainerItemProxy */ = {
			isa = PBXContainerItemProxy;
			containerPortal = 7555FF73242A565900829871 /* Project object */;
			proxyType = 1;
			remoteGlobalIDString = 7555FF7A242A565900829871;
			remoteInfo = iosApp;
		};
		76CF98CB27DEFDA900AC185E /* PBXContainerItemProxy */ = {
			isa = PBXContainerItemProxy;
			containerPortal = 76CF98BF27DEFD7100AC185E /* Strings.xcodeproj */;
			proxyType = 2;
			remoteGlobalIDString = 769FCB9A27DEFB9B00F654DF;
			remoteInfo = Strings;
		};
		76CF98E527DEFE1B00AC185E /* PBXContainerItemProxy */ = {
			isa = PBXContainerItemProxy;
			containerPortal = 76CF98E127DEFE1B00AC185E /* Colors.xcodeproj */;
			proxyType = 2;
			remoteGlobalIDString = 76CF98D727DEFE1B00AC185E;
			remoteInfo = Colors;
		};
		76CF990127DEFE7900AC185E /* PBXContainerItemProxy */ = {
			isa = PBXContainerItemProxy;
			containerPortal = 76CF98FD27DEFE7900AC185E /* Fonts.xcodeproj */;
			proxyType = 2;
			remoteGlobalIDString = 76CF98F327DEFE7900AC185E;
			remoteInfo = Fonts;
		};
		76CF991F27DEFEA700AC185E /* PBXContainerItemProxy */ = {
			isa = PBXContainerItemProxy;
			containerPortal = 76CF991B27DEFEA600AC185E /* Home.xcodeproj */;
			proxyType = 2;
			remoteGlobalIDString = 76CF991127DEFEA600AC185E;
			remoteInfo = Home;
		};
		76CF996B27DEFEEA00AC185E /* PBXContainerItemProxy */ = {
			isa = PBXContainerItemProxy;
			containerPortal = 76CF996727DEFEEA00AC185E /* SharedUI.xcodeproj */;
			proxyType = 2;
			remoteGlobalIDString = 76CF995D27DEFEEA00AC185E;
			remoteInfo = SharedUI;
		};
		76CF998D27DEFF0800AC185E /* PBXContainerItemProxy */ = {
			isa = PBXContainerItemProxy;
			containerPortal = 76CF998927DEFF0800AC185E /* TabBar.xcodeproj */;
			proxyType = 2;
			remoteGlobalIDString = 76CF997F27DEFF0800AC185E;
			remoteInfo = TabBar;
		};
		76CF99AD27DEFF2800AC185E /* PBXContainerItemProxy */ = {
			isa = PBXContainerItemProxy;
			containerPortal = 76CF99A927DEFF2700AC185E /* Utilities.xcodeproj */;
			proxyType = 2;
			remoteGlobalIDString = 76CF999F27DEFF2700AC185E;
			remoteInfo = Utilities;
		};
		76CF99B427DEFFA000AC185E /* PBXContainerItemProxy */ = {
			isa = PBXContainerItemProxy;
			containerPortal = 76CF99A927DEFF2700AC185E /* Utilities.xcodeproj */;
			proxyType = 1;
			remoteGlobalIDString = 76CF999E27DEFF2700AC185E;
			remoteInfo = Utilities;
		};
		76CF99B627DEFFA000AC185E /* PBXContainerItemProxy */ = {
			isa = PBXContainerItemProxy;
			containerPortal = 76CF998927DEFF0800AC185E /* TabBar.xcodeproj */;
			proxyType = 1;
			remoteGlobalIDString = 76CF997E27DEFF0800AC185E;
			remoteInfo = TabBar;
		};
		76CF99B827DEFFA000AC185E /* PBXContainerItemProxy */ = {
			isa = PBXContainerItemProxy;
			containerPortal = 76CF996727DEFEEA00AC185E /* SharedUI.xcodeproj */;
			proxyType = 1;
			remoteGlobalIDString = 76CF995C27DEFEEA00AC185E;
			remoteInfo = SharedUI;
		};
		76CF99BC27DEFFA000AC185E /* PBXContainerItemProxy */ = {
			isa = PBXContainerItemProxy;
			containerPortal = 76CF991B27DEFEA600AC185E /* Home.xcodeproj */;
			proxyType = 1;
			remoteGlobalIDString = 76CF991027DEFEA600AC185E;
			remoteInfo = Home;
		};
		76CF99BE27DEFFA000AC185E /* PBXContainerItemProxy */ = {
			isa = PBXContainerItemProxy;
			containerPortal = 76CF98FD27DEFE7900AC185E /* Fonts.xcodeproj */;
			proxyType = 1;
			remoteGlobalIDString = 76CF98F227DEFE7900AC185E;
			remoteInfo = Fonts;
		};
		76CF99C027DEFFA000AC185E /* PBXContainerItemProxy */ = {
			isa = PBXContainerItemProxy;
			containerPortal = 76CF98E127DEFE1B00AC185E /* Colors.xcodeproj */;
			proxyType = 1;
			remoteGlobalIDString = 76CF98D627DEFE1B00AC185E;
			remoteInfo = Colors;
		};
		76CF99C227DEFFA000AC185E /* PBXContainerItemProxy */ = {
			isa = PBXContainerItemProxy;
			containerPortal = 76CF98BF27DEFD7100AC185E /* Strings.xcodeproj */;
			proxyType = 1;
			remoteGlobalIDString = 769FCB9927DEFB9B00F654DF;
			remoteInfo = Strings;
		};
		76EE07B527DF347200BA1290 /* PBXContainerItemProxy */ = {
			isa = PBXContainerItemProxy;
			containerPortal = 76107C6327DF2A240024B27B /* SongPlaying.xcodeproj */;
			proxyType = 2;
			remoteGlobalIDString = 76107C8727DF2D2C0024B27B;
			remoteInfo = SongPlayingDemo;
		};
		76EE07D027DF34A100BA1290 /* PBXContainerItemProxy */ = {
			isa = PBXContainerItemProxy;
			containerPortal = 76EE07CC27DF34A000BA1290 /* PlaylistList.xcodeproj */;
			proxyType = 2;
			remoteGlobalIDString = 76EE07C227DF34A000BA1290;
			remoteInfo = PlaylistList;
		};
		76EE081727DF38C300BA1290 /* PBXContainerItemProxy */ = {
			isa = PBXContainerItemProxy;
			containerPortal = 76EE081327DF38C300BA1290 /* Wallet.xcodeproj */;
			proxyType = 2;
			remoteGlobalIDString = 76EE080927DF38C300BA1290;
			remoteInfo = Wallet;
		};
		76EE085627DFA02200BA1290 /* PBXContainerItemProxy */ = {
			isa = PBXContainerItemProxy;
			containerPortal = 7640012027DF03F2000FB31A /* Login.xcodeproj */;
			proxyType = 1;
			remoteGlobalIDString = 7640011527DF03F2000FB31A;
			remoteInfo = Login;
		};
/* End PBXContainerItemProxy section */

/* Begin PBXCopyFilesBuildPhase section */
		7628EBD227E550140077ECFD /* Embed Frameworks */ = {
			isa = PBXCopyFilesBuildPhase;
			buildActionMask = 2147483647;
			dstPath = "";
			dstSubfolderSpec = 10;
			files = (
				7628EBD127E550140077ECFD /* Main.framework in Embed Frameworks */,
			);
			name = "Embed Frameworks";
			runOnlyForDeploymentPostprocessing = 0;
		};
/* End PBXCopyFilesBuildPhase section */

/* Begin PBXFileReference section */
		058557BA273AAA24004C7B11 /* Assets.xcassets */ = {isa = PBXFileReference; lastKnownFileType = folder.assetcatalog; path = Assets.xcassets; sourceTree = "<group>"; };
		058557D8273AAEEB004C7B11 /* Preview Assets.xcassets */ = {isa = PBXFileReference; lastKnownFileType = folder.assetcatalog; path = "Preview Assets.xcassets"; sourceTree = "<group>"; };
		7555FF7B242A565900829871 /* iosApp.app */ = {isa = PBXFileReference; explicitFileType = wrapper.application; includeInIndex = 0; path = iosApp.app; sourceTree = BUILT_PRODUCTS_DIR; };
		7555FF8C242A565B00829871 /* Info.plist */ = {isa = PBXFileReference; lastKnownFileType = text.plist.xml; path = Info.plist; sourceTree = "<group>"; };
		760BE85F27E15709000AD1A7 /* Artist.xcodeproj */ = {isa = PBXFileReference; lastKnownFileType = "wrapper.pb-project"; name = Artist.xcodeproj; path = Artist/Artist.xcodeproj; sourceTree = "<group>"; };
		76107C2227DF287E0024B27B /* Tips.xcodeproj */ = {isa = PBXFileReference; lastKnownFileType = "wrapper.pb-project"; name = Tips.xcodeproj; path = Tips/Tips.xcodeproj; sourceTree = "<group>"; };
		76107C6327DF2A240024B27B /* SongPlaying.xcodeproj */ = {isa = PBXFileReference; lastKnownFileType = "wrapper.pb-project"; name = SongPlaying.xcodeproj; path = SongPlaying/SongPlaying.xcodeproj; sourceTree = "<group>"; };
		7628EBCF27E550140077ECFD /* Main.framework */ = {isa = PBXFileReference; explicitFileType = wrapper.framework; path = Main.framework; sourceTree = BUILT_PRODUCTS_DIR; };
		7628EBD427E551D60077ECFD /* iosAppTests.swift */ = {isa = PBXFileReference; lastKnownFileType = sourcecode.swift; path = iosAppTests.swift; sourceTree = "<group>"; };
		7638B03027DF036000FB4815 /* shared.xcframework */ = {isa = PBXFileReference; lastKnownFileType = wrapper.xcframework; name = shared.xcframework; path = "/Users/martyulrich/Repos/newm-mobile/shared/build/XCFrameworks/debug/shared.xcframework"; sourceTree = "<absolute>"; };
		7640012027DF03F2000FB31A /* Login.xcodeproj */ = {isa = PBXFileReference; lastKnownFileType = "wrapper.pb-project"; name = Login.xcodeproj; path = Login/Login.xcodeproj; sourceTree = "<group>"; };
		7651D6D327DFA33100FF41B3 /* iOSApp.swift */ = {isa = PBXFileReference; fileEncoding = 4; lastKnownFileType = sourcecode.swift; path = iOSApp.swift; sourceTree = "<group>"; };
		7683128B27A38F480056BC6B /* iosAppTests.xctest */ = {isa = PBXFileReference; explicitFileType = wrapper.cfbundle; includeInIndex = 0; path = iosAppTests.xctest; sourceTree = BUILT_PRODUCTS_DIR; };
		7684E24D27DACBC400BDD21B /* SplashScreen.storyboard */ = {isa = PBXFileReference; fileEncoding = 4; lastKnownFileType = file.storyboard; path = SplashScreen.storyboard; sourceTree = "<group>"; };
		768FCAB527B7292C00D0C0EB /* BottomNavigationUITests.swift */ = {isa = PBXFileReference; fileEncoding = 4; lastKnownFileType = sourcecode.swift; path = BottomNavigationUITests.swift; sourceTree = "<group>"; };
		76B770EB27C5F2070009A58E /* iosAppUITests.xctest */ = {isa = PBXFileReference; explicitFileType = wrapper.cfbundle; includeInIndex = 0; path = iosAppUITests.xctest; sourceTree = BUILT_PRODUCTS_DIR; };
		76CF98BF27DEFD7100AC185E /* Strings.xcodeproj */ = {isa = PBXFileReference; lastKnownFileType = "wrapper.pb-project"; name = Strings.xcodeproj; path = Strings/Strings.xcodeproj; sourceTree = "<group>"; };
		76CF98E127DEFE1B00AC185E /* Colors.xcodeproj */ = {isa = PBXFileReference; lastKnownFileType = "wrapper.pb-project"; name = Colors.xcodeproj; path = Colors/Colors.xcodeproj; sourceTree = "<group>"; };
		76CF98FD27DEFE7900AC185E /* Fonts.xcodeproj */ = {isa = PBXFileReference; lastKnownFileType = "wrapper.pb-project"; name = Fonts.xcodeproj; path = Fonts/Fonts.xcodeproj; sourceTree = "<group>"; };
		76CF991B27DEFEA600AC185E /* Home.xcodeproj */ = {isa = PBXFileReference; lastKnownFileType = "wrapper.pb-project"; name = Home.xcodeproj; path = Home/Home.xcodeproj; sourceTree = "<group>"; };
		76CF994727DEFEC800AC185E /* Main.xcodeproj */ = {isa = PBXFileReference; lastKnownFileType = "wrapper.pb-project"; name = Main.xcodeproj; path = NEWMApp/Main.xcodeproj; sourceTree = "<group>"; };
		76CF996727DEFEEA00AC185E /* SharedUI.xcodeproj */ = {isa = PBXFileReference; lastKnownFileType = "wrapper.pb-project"; name = SharedUI.xcodeproj; path = SharedUI/SharedUI.xcodeproj; sourceTree = "<group>"; };
		76CF998927DEFF0800AC185E /* TabBar.xcodeproj */ = {isa = PBXFileReference; lastKnownFileType = "wrapper.pb-project"; name = TabBar.xcodeproj; path = TabBar/TabBar.xcodeproj; sourceTree = "<group>"; };
		76CF99A927DEFF2700AC185E /* Utilities.xcodeproj */ = {isa = PBXFileReference; lastKnownFileType = "wrapper.pb-project"; name = Utilities.xcodeproj; path = Utilities/Utilities.xcodeproj; sourceTree = "<group>"; };
		76E3CA6E27A8DC8200C24DC2 /* Localizable.strings */ = {isa = PBXFileReference; lastKnownFileType = text.plist.strings; path = Localizable.strings; sourceTree = "<group>"; };
		76EE07CC27DF34A000BA1290 /* PlaylistList.xcodeproj */ = {isa = PBXFileReference; lastKnownFileType = "wrapper.pb-project"; name = PlaylistList.xcodeproj; path = PlaylistList/PlaylistList.xcodeproj; sourceTree = "<group>"; };
		76EE081327DF38C300BA1290 /* Wallet.xcodeproj */ = {isa = PBXFileReference; lastKnownFileType = "wrapper.pb-project"; name = Wallet.xcodeproj; path = Wallet/Wallet.xcodeproj; sourceTree = "<group>"; };
/* End PBXFileReference section */

/* Begin PBXFrameworksBuildPhase section */
		7555FF78242A565900829871 /* Frameworks */ = {
			isa = PBXFrameworksBuildPhase;
			buildActionMask = 2147483647;
			files = (
				7638B03127DF036000FB4815 /* shared.xcframework in Frameworks */,
				7628EBD027E550140077ECFD /* Main.framework in Frameworks */,
			);
			runOnlyForDeploymentPostprocessing = 0;
		};
		7683128827A38F480056BC6B /* Frameworks */ = {
			isa = PBXFrameworksBuildPhase;
			buildActionMask = 2147483647;
			files = (
			);
			runOnlyForDeploymentPostprocessing = 0;
		};
		76B770E827C5F2070009A58E /* Frameworks */ = {
			isa = PBXFrameworksBuildPhase;
			buildActionMask = 2147483647;
			files = (
			);
			runOnlyForDeploymentPostprocessing = 0;
		};
/* End PBXFrameworksBuildPhase section */

/* Begin PBXGroup section */
		058557D7273AAEEB004C7B11 /* Preview Content */ = {
			isa = PBXGroup;
			children = (
				058557D8273AAEEB004C7B11 /* Preview Assets.xcassets */,
			);
			path = "Preview Content";
			sourceTree = "<group>";
		};
		7555FF72242A565900829871 = {
			isa = PBXGroup;
			children = (
				76CF98B927DEFD7100AC185E /* Modules */,
				7555FF7D242A565900829871 /* iosApp */,
				7628EBD327E551B50077ECFD /* iosAppTests */,
				768FCAB227B7292C00D0C0EB /* iosAppUITests */,
				7555FF7C242A565900829871 /* Products */,
				7555FFB0242A642200829871 /* Frameworks */,
			);
			sourceTree = "<group>";
		};
		7555FF7C242A565900829871 /* Products */ = {
			isa = PBXGroup;
			children = (
				7555FF7B242A565900829871 /* iosApp.app */,
				7683128B27A38F480056BC6B /* iosAppTests.xctest */,
				76B770EB27C5F2070009A58E /* iosAppUITests.xctest */,
			);
			name = Products;
			sourceTree = "<group>";
		};
		7555FF7D242A565900829871 /* iosApp */ = {
			isa = PBXGroup;
			children = (
				7555FF8C242A565B00829871 /* Info.plist */,
				7651D6D527DFA35100FF41B3 /* App */,
				763FEAB027C30B4500232093 /* Resources */,
			);
			path = iosApp;
			sourceTree = "<group>";
		};
		7555FFB0242A642200829871 /* Frameworks */ = {
			isa = PBXGroup;
			children = (
				7628EBCF27E550140077ECFD /* Main.framework */,
			);
			name = Frameworks;
			sourceTree = "<group>";
		};
		760BE86027E15709000AD1A7 /* Products */ = {
			isa = PBXGroup;
			children = (
				760BE86427E1570A000AD1A7 /* Artist.framework */,
			);
			name = Products;
			sourceTree = "<group>";
		};
		76107C2327DF287E0024B27B /* Products */ = {
			isa = PBXGroup;
			children = (
				76107C2727DF287F0024B27B /* Tips.framework */,
			);
			name = Products;
			sourceTree = "<group>";
		};
		76107C6427DF2A240024B27B /* Products */ = {
			isa = PBXGroup;
			children = (
				76107C6827DF2A250024B27B /* SongPlaying.framework */,
				76EE07B627DF347200BA1290 /* SongPlayingDemo.app */,
			);
			name = Products;
			sourceTree = "<group>";
		};
		7628EBD327E551B50077ECFD /* iosAppTests */ = {
			isa = PBXGroup;
			children = (
				7628EBD427E551D60077ECFD /* iosAppTests.swift */,
			);
			path = iosAppTests;
			sourceTree = "<group>";
		};
		763FEAB027C30B4500232093 /* Resources */ = {
			isa = PBXGroup;
			children = (
				7684E24D27DACBC400BDD21B /* SplashScreen.storyboard */,
				76E3CA6E27A8DC8200C24DC2 /* Localizable.strings */,
				058557D7273AAEEB004C7B11 /* Preview Content */,
				058557BA273AAA24004C7B11 /* Assets.xcassets */,
			);
			path = Resources;
			sourceTree = "<group>";
		};
		7640012127DF03F2000FB31A /* Products */ = {
			isa = PBXGroup;
			children = (
				7640012527DF03F2000FB31A /* Login.framework */,
				765441B927DF0E86003346EE /* LoginDemo.app */,
			);
			name = Products;
			sourceTree = "<group>";
		};
		7651D6D527DFA35100FF41B3 /* App */ = {
			isa = PBXGroup;
			children = (
				7651D6D327DFA33100FF41B3 /* iOSApp.swift */,
			);
			path = App;
			sourceTree = "<group>";
		};
		768FCAB227B7292C00D0C0EB /* iosAppUITests */ = {
			isa = PBXGroup;
			children = (
				768FCAB527B7292C00D0C0EB /* BottomNavigationUITests.swift */,
			);
			path = iosAppUITests;
			sourceTree = "<group>";
		};
		76CF98B927DEFD7100AC185E /* Modules */ = {
			isa = PBXGroup;
			children = (
				760BE85F27E15709000AD1A7 /* Artist.xcodeproj */,
				7638B03027DF036000FB4815 /* shared.xcframework */,
				76CF98E127DEFE1B00AC185E /* Colors.xcodeproj */,
				76CF98FD27DEFE7900AC185E /* Fonts.xcodeproj */,
				76CF991B27DEFEA600AC185E /* Home.xcodeproj */,
				7640012027DF03F2000FB31A /* Login.xcodeproj */,
				76CF994727DEFEC800AC185E /* Main.xcodeproj */,
				76EE07CC27DF34A000BA1290 /* PlaylistList.xcodeproj */,
				76CF996727DEFEEA00AC185E /* SharedUI.xcodeproj */,
				76107C6327DF2A240024B27B /* SongPlaying.xcodeproj */,
				76CF98BF27DEFD7100AC185E /* Strings.xcodeproj */,
				76CF998927DEFF0800AC185E /* TabBar.xcodeproj */,
				76107C2227DF287E0024B27B /* Tips.xcodeproj */,
				76CF99A927DEFF2700AC185E /* Utilities.xcodeproj */,
				76EE081327DF38C300BA1290 /* Wallet.xcodeproj */,
			);
			path = Modules;
			sourceTree = "<group>";
		};
		76CF98C827DEFDA900AC185E /* Products */ = {
			isa = PBXGroup;
			children = (
				76CF98CC27DEFDA900AC185E /* Strings.framework */,
			);
			name = Products;
			sourceTree = "<group>";
		};
		76CF98E227DEFE1B00AC185E /* Products */ = {
			isa = PBXGroup;
			children = (
				76CF98E627DEFE1B00AC185E /* Colors.framework */,
				76107BE327DF28090024B27B /* ColorsDemo.app */,
			);
			name = Products;
			sourceTree = "<group>";
		};
		76CF98FE27DEFE7900AC185E /* Products */ = {
			isa = PBXGroup;
			children = (
				76CF990227DEFE7900AC185E /* Fonts.framework */,
			);
			name = Products;
			sourceTree = "<group>";
		};
		76CF991C27DEFEA600AC185E /* Products */ = {
			isa = PBXGroup;
			children = (
				76CF992027DEFEA700AC185E /* Home.framework */,
				76107BE627DF28090024B27B /* HomeDemo.app */,
			);
			name = Products;
			sourceTree = "<group>";
		};
		76CF996827DEFEEA00AC185E /* Products */ = {
			isa = PBXGroup;
			children = (
				76CF996C27DEFEEA00AC185E /* SharedUI.framework */,
				76107BEB27DF28090024B27B /* SharedUIDemo.app */,
			);
			name = Products;
			sourceTree = "<group>";
		};
		76CF998A27DEFF0800AC185E /* Products */ = {
			isa = PBXGroup;
			children = (
				76CF998E27DEFF0800AC185E /* TabBar.framework */,
			);
			name = Products;
			sourceTree = "<group>";
		};
		76CF99AA27DEFF2700AC185E /* Products */ = {
			isa = PBXGroup;
			children = (
				76CF99AE27DEFF2800AC185E /* Utilities.framework */,
			);
			name = Products;
			sourceTree = "<group>";
		};
		76EE07CD27DF34A000BA1290 /* Products */ = {
			isa = PBXGroup;
			children = (
				76EE07D127DF34A100BA1290 /* PlaylistList.framework */,
			);
			name = Products;
			sourceTree = "<group>";
		};
		76EE081427DF38C300BA1290 /* Products */ = {
			isa = PBXGroup;
			children = (
				76EE081827DF38C300BA1290 /* Wallet.framework */,
			);
			name = Products;
			sourceTree = "<group>";
		};
/* End PBXGroup section */

/* Begin PBXNativeTarget section */
		7555FF7A242A565900829871 /* iosApp */ = {
			isa = PBXNativeTarget;
			buildConfigurationList = 7555FFA5242A565B00829871 /* Build configuration list for PBXNativeTarget "iosApp" */;
			buildPhases = (
				7555FFB5242A651A00829871 /* ShellScript */,
				7555FF77242A565900829871 /* Sources */,
				7555FF78242A565900829871 /* Frameworks */,
				7555FF79242A565900829871 /* Resources */,
				7628EBD227E550140077ECFD /* Embed Frameworks */,
			);
			buildRules = (
			);
			dependencies = (
				76EE085727DFA02200BA1290 /* PBXTargetDependency */,
				76CF99B527DEFFA000AC185E /* PBXTargetDependency */,
				76CF99B727DEFFA000AC185E /* PBXTargetDependency */,
				76CF99B927DEFFA000AC185E /* PBXTargetDependency */,
				76CF99BD27DEFFA000AC185E /* PBXTargetDependency */,
				76CF99BF27DEFFA000AC185E /* PBXTargetDependency */,
				76CF99C127DEFFA000AC185E /* PBXTargetDependency */,
				76CF99C327DEFFA000AC185E /* PBXTargetDependency */,
			);
			name = iosApp;
			packageProductDependencies = (
			);
			productName = iosApp;
			productReference = 7555FF7B242A565900829871 /* iosApp.app */;
			productType = "com.apple.product-type.application";
		};
		7683128A27A38F480056BC6B /* iosAppTests */ = {
			isa = PBXNativeTarget;
			buildConfigurationList = 7683129327A38F490056BC6B /* Build configuration list for PBXNativeTarget "iosAppTests" */;
			buildPhases = (
				7683128727A38F480056BC6B /* Sources */,
				7683128827A38F480056BC6B /* Frameworks */,
				7683128927A38F480056BC6B /* Resources */,
			);
			buildRules = (
			);
			dependencies = (
				7683129027A38F480056BC6B /* PBXTargetDependency */,
			);
			name = iosAppTests;
			productName = iosAppTests;
			productReference = 7683128B27A38F480056BC6B /* iosAppTests.xctest */;
			productType = "com.apple.product-type.bundle.unit-test";
		};
		76B770EA27C5F2070009A58E /* iosAppUITests */ = {
			isa = PBXNativeTarget;
			buildConfigurationList = 76B770F327C5F2070009A58E /* Build configuration list for PBXNativeTarget "iosAppUITests" */;
			buildPhases = (
				76B770E727C5F2070009A58E /* Sources */,
				76B770E827C5F2070009A58E /* Frameworks */,
				76B770E927C5F2070009A58E /* Resources */,
			);
			buildRules = (
			);
			dependencies = (
				76B770F227C5F2070009A58E /* PBXTargetDependency */,
			);
			name = iosAppUITests;
			productName = iosAppUITests;
			productReference = 76B770EB27C5F2070009A58E /* iosAppUITests.xctest */;
			productType = "com.apple.product-type.bundle.ui-testing";
		};
/* End PBXNativeTarget section */

/* Begin PBXProject section */
		7555FF73242A565900829871 /* Project object */ = {
			isa = PBXProject;
			attributes = {
				LastSwiftUpdateCheck = 1320;
				LastUpgradeCheck = 1130;
				ORGANIZATIONNAME = orgName;
				TargetAttributes = {
					7555FF7A242A565900829871 = {
						CreatedOnToolsVersion = 11.3.1;
						LastSwiftMigration = 1320;
					};
					7683128A27A38F480056BC6B = {
						CreatedOnToolsVersion = 13.2.1;
						LastSwiftMigration = 1320;
						TestTargetID = 7555FF7A242A565900829871;
					};
					76B770EA27C5F2070009A58E = {
						CreatedOnToolsVersion = 13.2.1;
						TestTargetID = 7555FF7A242A565900829871;
					};
				};
			};
			buildConfigurationList = 7555FF76242A565900829871 /* Build configuration list for PBXProject "iosApp" */;
			compatibilityVersion = "Xcode 9.3";
			developmentRegion = en;
			hasScannedForEncodings = 0;
			knownRegions = (
				en,
				Base,
			);
			mainGroup = 7555FF72242A565900829871;
			packageReferences = (
			);
			productRefGroup = 7555FF7C242A565900829871 /* Products */;
			projectDirPath = "";
			projectReferences = (
				{
					ProductGroup = 760BE86027E15709000AD1A7 /* Products */;
					ProjectRef = 760BE85F27E15709000AD1A7 /* Artist.xcodeproj */;
				},
				{
					ProductGroup = 76CF98E227DEFE1B00AC185E /* Products */;
					ProjectRef = 76CF98E127DEFE1B00AC185E /* Colors.xcodeproj */;
				},
				{
					ProductGroup = 76CF98FE27DEFE7900AC185E /* Products */;
					ProjectRef = 76CF98FD27DEFE7900AC185E /* Fonts.xcodeproj */;
				},
				{
					ProductGroup = 76CF991C27DEFEA600AC185E /* Products */;
					ProjectRef = 76CF991B27DEFEA600AC185E /* Home.xcodeproj */;
				},
				{
					ProductGroup = 7640012127DF03F2000FB31A /* Products */;
					ProjectRef = 7640012027DF03F2000FB31A /* Login.xcodeproj */;
				},
				{
					ProductGroup = 76EE07CD27DF34A000BA1290 /* Products */;
					ProjectRef = 76EE07CC27DF34A000BA1290 /* PlaylistList.xcodeproj */;
				},
				{
					ProductGroup = 76CF996827DEFEEA00AC185E /* Products */;
					ProjectRef = 76CF996727DEFEEA00AC185E /* SharedUI.xcodeproj */;
				},
				{
					ProductGroup = 76107C6427DF2A240024B27B /* Products */;
					ProjectRef = 76107C6327DF2A240024B27B /* SongPlaying.xcodeproj */;
				},
				{
					ProductGroup = 76CF98C827DEFDA900AC185E /* Products */;
					ProjectRef = 76CF98BF27DEFD7100AC185E /* Strings.xcodeproj */;
				},
				{
					ProductGroup = 76CF998A27DEFF0800AC185E /* Products */;
					ProjectRef = 76CF998927DEFF0800AC185E /* TabBar.xcodeproj */;
				},
				{
					ProductGroup = 76107C2327DF287E0024B27B /* Products */;
					ProjectRef = 76107C2227DF287E0024B27B /* Tips.xcodeproj */;
				},
				{
					ProductGroup = 76CF99AA27DEFF2700AC185E /* Products */;
					ProjectRef = 76CF99A927DEFF2700AC185E /* Utilities.xcodeproj */;
				},
				{
					ProductGroup = 76EE081427DF38C300BA1290 /* Products */;
					ProjectRef = 76EE081327DF38C300BA1290 /* Wallet.xcodeproj */;
				},
			);
			projectRoot = "";
			targets = (
				7555FF7A242A565900829871 /* iosApp */,
				7683128A27A38F480056BC6B /* iosAppTests */,
				76B770EA27C5F2070009A58E /* iosAppUITests */,
			);
		};
/* End PBXProject section */

/* Begin PBXReferenceProxy section */
		760BE86427E1570A000AD1A7 /* Artist.framework */ = {
			isa = PBXReferenceProxy;
			fileType = wrapper.framework;
			path = Artist.framework;
			remoteRef = 760BE86327E1570A000AD1A7 /* PBXContainerItemProxy */;
			sourceTree = BUILT_PRODUCTS_DIR;
		};
		76107BE327DF28090024B27B /* ColorsDemo.app */ = {
			isa = PBXReferenceProxy;
			fileType = wrapper.application;
			path = ColorsDemo.app;
			remoteRef = 76107BE227DF28090024B27B /* PBXContainerItemProxy */;
			sourceTree = BUILT_PRODUCTS_DIR;
		};
		76107BE627DF28090024B27B /* HomeDemo.app */ = {
			isa = PBXReferenceProxy;
			fileType = wrapper.application;
			path = HomeDemo.app;
			remoteRef = 76107BE527DF28090024B27B /* PBXContainerItemProxy */;
			sourceTree = BUILT_PRODUCTS_DIR;
		};
		76107BEB27DF28090024B27B /* SharedUIDemo.app */ = {
			isa = PBXReferenceProxy;
			fileType = wrapper.application;
			path = SharedUIDemo.app;
			remoteRef = 76107BEA27DF28090024B27B /* PBXContainerItemProxy */;
			sourceTree = BUILT_PRODUCTS_DIR;
		};
		76107C2727DF287F0024B27B /* Tips.framework */ = {
			isa = PBXReferenceProxy;
			fileType = wrapper.framework;
			path = Tips.framework;
			remoteRef = 76107C2627DF287F0024B27B /* PBXContainerItemProxy */;
			sourceTree = BUILT_PRODUCTS_DIR;
		};
		76107C6827DF2A250024B27B /* SongPlaying.framework */ = {
			isa = PBXReferenceProxy;
			fileType = wrapper.framework;
			path = SongPlaying.framework;
			remoteRef = 76107C6727DF2A250024B27B /* PBXContainerItemProxy */;
			sourceTree = BUILT_PRODUCTS_DIR;
		};
		7640012527DF03F2000FB31A /* Login.framework */ = {
			isa = PBXReferenceProxy;
			fileType = wrapper.framework;
			path = Login.framework;
			remoteRef = 7640012427DF03F2000FB31A /* PBXContainerItemProxy */;
			sourceTree = BUILT_PRODUCTS_DIR;
		};
		765441B927DF0E86003346EE /* LoginDemo.app */ = {
			isa = PBXReferenceProxy;
			fileType = wrapper.application;
			path = LoginDemo.app;
			remoteRef = 765441B827DF0E86003346EE /* PBXContainerItemProxy */;
			sourceTree = BUILT_PRODUCTS_DIR;
		};
		76CF98CC27DEFDA900AC185E /* Strings.framework */ = {
			isa = PBXReferenceProxy;
			fileType = wrapper.framework;
			path = Strings.framework;
			remoteRef = 76CF98CB27DEFDA900AC185E /* PBXContainerItemProxy */;
			sourceTree = BUILT_PRODUCTS_DIR;
		};
		76CF98E627DEFE1B00AC185E /* Colors.framework */ = {
			isa = PBXReferenceProxy;
			fileType = wrapper.framework;
			path = Colors.framework;
			remoteRef = 76CF98E527DEFE1B00AC185E /* PBXContainerItemProxy */;
			sourceTree = BUILT_PRODUCTS_DIR;
		};
		76CF990227DEFE7900AC185E /* Fonts.framework */ = {
			isa = PBXReferenceProxy;
			fileType = wrapper.framework;
			path = Fonts.framework;
			remoteRef = 76CF990127DEFE7900AC185E /* PBXContainerItemProxy */;
			sourceTree = BUILT_PRODUCTS_DIR;
		};
		76CF992027DEFEA700AC185E /* Home.framework */ = {
			isa = PBXReferenceProxy;
			fileType = wrapper.framework;
			path = Home.framework;
			remoteRef = 76CF991F27DEFEA700AC185E /* PBXContainerItemProxy */;
			sourceTree = BUILT_PRODUCTS_DIR;
		};
		76CF996C27DEFEEA00AC185E /* SharedUI.framework */ = {
			isa = PBXReferenceProxy;
			fileType = wrapper.framework;
			path = SharedUI.framework;
			remoteRef = 76CF996B27DEFEEA00AC185E /* PBXContainerItemProxy */;
			sourceTree = BUILT_PRODUCTS_DIR;
		};
		76CF998E27DEFF0800AC185E /* TabBar.framework */ = {
			isa = PBXReferenceProxy;
			fileType = wrapper.framework;
			path = TabBar.framework;
			remoteRef = 76CF998D27DEFF0800AC185E /* PBXContainerItemProxy */;
			sourceTree = BUILT_PRODUCTS_DIR;
		};
		76CF99AE27DEFF2800AC185E /* Utilities.framework */ = {
			isa = PBXReferenceProxy;
			fileType = wrapper.framework;
			path = Utilities.framework;
			remoteRef = 76CF99AD27DEFF2800AC185E /* PBXContainerItemProxy */;
			sourceTree = BUILT_PRODUCTS_DIR;
		};
		76EE07B627DF347200BA1290 /* SongPlayingDemo.app */ = {
			isa = PBXReferenceProxy;
			fileType = wrapper.application;
			path = SongPlayingDemo.app;
			remoteRef = 76EE07B527DF347200BA1290 /* PBXContainerItemProxy */;
			sourceTree = BUILT_PRODUCTS_DIR;
		};
		76EE07D127DF34A100BA1290 /* PlaylistList.framework */ = {
			isa = PBXReferenceProxy;
			fileType = wrapper.framework;
			path = PlaylistList.framework;
			remoteRef = 76EE07D027DF34A100BA1290 /* PBXContainerItemProxy */;
			sourceTree = BUILT_PRODUCTS_DIR;
		};
		76EE081827DF38C300BA1290 /* Wallet.framework */ = {
			isa = PBXReferenceProxy;
			fileType = wrapper.framework;
			path = Wallet.framework;
			remoteRef = 76EE081727DF38C300BA1290 /* PBXContainerItemProxy */;
			sourceTree = BUILT_PRODUCTS_DIR;
		};
/* End PBXReferenceProxy section */

/* Begin PBXResourcesBuildPhase section */
		7555FF79242A565900829871 /* Resources */ = {
			isa = PBXResourcesBuildPhase;
			buildActionMask = 2147483647;
			files = (
				76B43C6627D875E900F21076 /* Assets.xcassets in Resources */,
				7684E24E27DACBC400BDD21B /* SplashScreen.storyboard in Resources */,
				76B43C6727D875E900F21076 /* Preview Assets.xcassets in Resources */,
				76E3CA6F27A8DC8200C24DC2 /* Localizable.strings in Resources */,
			);
			runOnlyForDeploymentPostprocessing = 0;
		};
		7683128927A38F480056BC6B /* Resources */ = {
			isa = PBXResourcesBuildPhase;
			buildActionMask = 2147483647;
			files = (
			);
			runOnlyForDeploymentPostprocessing = 0;
		};
		76B770E927C5F2070009A58E /* Resources */ = {
			isa = PBXResourcesBuildPhase;
			buildActionMask = 2147483647;
			files = (
			);
			runOnlyForDeploymentPostprocessing = 0;
		};
/* End PBXResourcesBuildPhase section */

/* Begin PBXShellScriptBuildPhase section */
		7555FFB5242A651A00829871 /* ShellScript */ = {
			isa = PBXShellScriptBuildPhase;
			buildActionMask = 2147483647;
			files = (
			);
			inputFileListPaths = (
			);
			inputPaths = (
			);
			outputFileListPaths = (
			);
			outputPaths = (
			);
			runOnlyForDeploymentPostprocessing = 0;
			shellPath = /bin/sh;
			shellScript = "cd \"$SRCROOT/..\"\n./gradlew :shared:assembleXCFramework\n";
		};
/* End PBXShellScriptBuildPhase section */

/* Begin PBXSourcesBuildPhase section */
		7555FF77242A565900829871 /* Sources */ = {
			isa = PBXSourcesBuildPhase;
			buildActionMask = 2147483647;
			files = (
				7651D6D427DFA33100FF41B3 /* iOSApp.swift in Sources */,
			);
			runOnlyForDeploymentPostprocessing = 0;
		};
		7683128727A38F480056BC6B /* Sources */ = {
			isa = PBXSourcesBuildPhase;
			buildActionMask = 2147483647;
			files = (
				7628EBD527E551D60077ECFD /* iosAppTests.swift in Sources */,
			);
			runOnlyForDeploymentPostprocessing = 0;
		};
		76B770E727C5F2070009A58E /* Sources */ = {
			isa = PBXSourcesBuildPhase;
			buildActionMask = 2147483647;
			files = (
				76B770F627C5F2520009A58E /* BottomNavigationUITests.swift in Sources */,
			);
			runOnlyForDeploymentPostprocessing = 0;
		};
/* End PBXSourcesBuildPhase section */

/* Begin PBXTargetDependency section */
		7683129027A38F480056BC6B /* PBXTargetDependency */ = {
			isa = PBXTargetDependency;
			target = 7555FF7A242A565900829871 /* iosApp */;
			targetProxy = 7683128F27A38F480056BC6B /* PBXContainerItemProxy */;
		};
		76B770F227C5F2070009A58E /* PBXTargetDependency */ = {
			isa = PBXTargetDependency;
			target = 7555FF7A242A565900829871 /* iosApp */;
			targetProxy = 76B770F127C5F2070009A58E /* PBXContainerItemProxy */;
		};
		76CF99B527DEFFA000AC185E /* PBXTargetDependency */ = {
			isa = PBXTargetDependency;
			name = Utilities;
			targetProxy = 76CF99B427DEFFA000AC185E /* PBXContainerItemProxy */;
		};
		76CF99B727DEFFA000AC185E /* PBXTargetDependency */ = {
			isa = PBXTargetDependency;
			name = TabBar;
			targetProxy = 76CF99B627DEFFA000AC185E /* PBXContainerItemProxy */;
		};
		76CF99B927DEFFA000AC185E /* PBXTargetDependency */ = {
			isa = PBXTargetDependency;
			name = SharedUI;
			targetProxy = 76CF99B827DEFFA000AC185E /* PBXContainerItemProxy */;
		};
		76CF99BD27DEFFA000AC185E /* PBXTargetDependency */ = {
			isa = PBXTargetDependency;
			name = Home;
			targetProxy = 76CF99BC27DEFFA000AC185E /* PBXContainerItemProxy */;
		};
		76CF99BF27DEFFA000AC185E /* PBXTargetDependency */ = {
			isa = PBXTargetDependency;
			name = Fonts;
			targetProxy = 76CF99BE27DEFFA000AC185E /* PBXContainerItemProxy */;
		};
		76CF99C127DEFFA000AC185E /* PBXTargetDependency */ = {
			isa = PBXTargetDependency;
			name = Colors;
			targetProxy = 76CF99C027DEFFA000AC185E /* PBXContainerItemProxy */;
		};
		76CF99C327DEFFA000AC185E /* PBXTargetDependency */ = {
			isa = PBXTargetDependency;
			name = Strings;
			targetProxy = 76CF99C227DEFFA000AC185E /* PBXContainerItemProxy */;
		};
		76EE085727DFA02200BA1290 /* PBXTargetDependency */ = {
			isa = PBXTargetDependency;
			name = Login;
			targetProxy = 76EE085627DFA02200BA1290 /* PBXContainerItemProxy */;
		};
/* End PBXTargetDependency section */

/* Begin XCBuildConfiguration section */
		7555FFA3242A565B00829871 /* Debug */ = {
			isa = XCBuildConfiguration;
			buildSettings = {
				ALWAYS_SEARCH_USER_PATHS = NO;
				CLANG_ANALYZER_NONNULL = YES;
				CLANG_ANALYZER_NUMBER_OBJECT_CONVERSION = YES_AGGRESSIVE;
				CLANG_CXX_LANGUAGE_STANDARD = "gnu++14";
				CLANG_CXX_LIBRARY = "libc++";
				CLANG_ENABLE_MODULES = YES;
				CLANG_ENABLE_OBJC_ARC = YES;
				CLANG_ENABLE_OBJC_WEAK = YES;
				CLANG_WARN_BLOCK_CAPTURE_AUTORELEASING = YES;
				CLANG_WARN_BOOL_CONVERSION = YES;
				CLANG_WARN_COMMA = YES;
				CLANG_WARN_CONSTANT_CONVERSION = YES;
				CLANG_WARN_DEPRECATED_OBJC_IMPLEMENTATIONS = YES;
				CLANG_WARN_DIRECT_OBJC_ISA_USAGE = YES_ERROR;
				CLANG_WARN_DOCUMENTATION_COMMENTS = YES;
				CLANG_WARN_EMPTY_BODY = YES;
				CLANG_WARN_ENUM_CONVERSION = YES;
				CLANG_WARN_INFINITE_RECURSION = YES;
				CLANG_WARN_INT_CONVERSION = YES;
				CLANG_WARN_NON_LITERAL_NULL_CONVERSION = YES;
				CLANG_WARN_OBJC_IMPLICIT_RETAIN_SELF = YES;
				CLANG_WARN_OBJC_LITERAL_CONVERSION = YES;
				CLANG_WARN_OBJC_ROOT_CLASS = YES_ERROR;
				CLANG_WARN_QUOTED_INCLUDE_IN_FRAMEWORK_HEADER = YES;
				CLANG_WARN_RANGE_LOOP_ANALYSIS = YES;
				CLANG_WARN_STRICT_PROTOTYPES = YES;
				CLANG_WARN_SUSPICIOUS_MOVE = YES;
				CLANG_WARN_UNGUARDED_AVAILABILITY = YES_AGGRESSIVE;
				CLANG_WARN_UNREACHABLE_CODE = YES;
				CLANG_WARN__DUPLICATE_METHOD_MATCH = YES;
				COPY_PHASE_STRIP = NO;
				DEBUG_INFORMATION_FORMAT = "dwarf-with-dsym";
				ENABLE_STRICT_OBJC_MSGSEND = YES;
				ENABLE_TESTABILITY = YES;
				"EXCLUDED_ARCHS[sdk=iphonesimulator*]" = arm64;
				FRAMEWORK_SEARCH_PATHS = (
					"\"$(SRCROOT)/../shared/build/XCFrameworks\"/**",
					"\"$(SRCROOT)/Modules\"/**",
				);
				GCC_C_LANGUAGE_STANDARD = gnu11;
				GCC_DYNAMIC_NO_PIC = NO;
				GCC_NO_COMMON_BLOCKS = YES;
				GCC_OPTIMIZATION_LEVEL = 0;
				GCC_PREPROCESSOR_DEFINITIONS = (
					"DEBUG=1",
					"$(inherited)",
				);
				GCC_WARN_64_TO_32_BIT_CONVERSION = YES;
				GCC_WARN_ABOUT_RETURN_TYPE = YES_ERROR;
				GCC_WARN_UNDECLARED_SELECTOR = YES;
				GCC_WARN_UNINITIALIZED_AUTOS = YES_AGGRESSIVE;
				GCC_WARN_UNUSED_FUNCTION = YES;
				GCC_WARN_UNUSED_VARIABLE = YES;
				IPHONEOS_DEPLOYMENT_TARGET = 14.1;
				MTL_ENABLE_DEBUG_INFO = INCLUDE_SOURCE;
				MTL_FAST_MATH = YES;
				ONLY_ACTIVE_ARCH = YES;
				SDKROOT = iphoneos;
				SWIFT_ACTIVE_COMPILATION_CONDITIONS = DEBUG;
				SWIFT_OPTIMIZATION_LEVEL = "-Onone";
			};
			name = Debug;
		};
		7555FFA4242A565B00829871 /* Release */ = {
			isa = XCBuildConfiguration;
			buildSettings = {
				ALWAYS_SEARCH_USER_PATHS = NO;
				CLANG_ANALYZER_NONNULL = YES;
				CLANG_ANALYZER_NUMBER_OBJECT_CONVERSION = YES_AGGRESSIVE;
				CLANG_CXX_LANGUAGE_STANDARD = "gnu++14";
				CLANG_CXX_LIBRARY = "libc++";
				CLANG_ENABLE_MODULES = YES;
				CLANG_ENABLE_OBJC_ARC = YES;
				CLANG_ENABLE_OBJC_WEAK = YES;
				CLANG_WARN_BLOCK_CAPTURE_AUTORELEASING = YES;
				CLANG_WARN_BOOL_CONVERSION = YES;
				CLANG_WARN_COMMA = YES;
				CLANG_WARN_CONSTANT_CONVERSION = YES;
				CLANG_WARN_DEPRECATED_OBJC_IMPLEMENTATIONS = YES;
				CLANG_WARN_DIRECT_OBJC_ISA_USAGE = YES_ERROR;
				CLANG_WARN_DOCUMENTATION_COMMENTS = YES;
				CLANG_WARN_EMPTY_BODY = YES;
				CLANG_WARN_ENUM_CONVERSION = YES;
				CLANG_WARN_INFINITE_RECURSION = YES;
				CLANG_WARN_INT_CONVERSION = YES;
				CLANG_WARN_NON_LITERAL_NULL_CONVERSION = YES;
				CLANG_WARN_OBJC_IMPLICIT_RETAIN_SELF = YES;
				CLANG_WARN_OBJC_LITERAL_CONVERSION = YES;
				CLANG_WARN_OBJC_ROOT_CLASS = YES_ERROR;
				CLANG_WARN_QUOTED_INCLUDE_IN_FRAMEWORK_HEADER = YES;
				CLANG_WARN_RANGE_LOOP_ANALYSIS = YES;
				CLANG_WARN_STRICT_PROTOTYPES = YES;
				CLANG_WARN_SUSPICIOUS_MOVE = YES;
				CLANG_WARN_UNGUARDED_AVAILABILITY = YES_AGGRESSIVE;
				CLANG_WARN_UNREACHABLE_CODE = YES;
				CLANG_WARN__DUPLICATE_METHOD_MATCH = YES;
				COPY_PHASE_STRIP = NO;
				DEBUG_INFORMATION_FORMAT = "dwarf-with-dsym";
				ENABLE_NS_ASSERTIONS = NO;
				ENABLE_STRICT_OBJC_MSGSEND = YES;
				"EXCLUDED_ARCHS[sdk=iphonesimulator*]" = arm64;
				FRAMEWORK_SEARCH_PATHS = (
					"\"$(SRCROOT)/../shared/build/XCFrameworks\"/**",
					"\"$(SRCROOT)/Modules\"/**",
				);
				GCC_C_LANGUAGE_STANDARD = gnu11;
				GCC_NO_COMMON_BLOCKS = YES;
				GCC_WARN_64_TO_32_BIT_CONVERSION = YES;
				GCC_WARN_ABOUT_RETURN_TYPE = YES_ERROR;
				GCC_WARN_UNDECLARED_SELECTOR = YES;
				GCC_WARN_UNINITIALIZED_AUTOS = YES_AGGRESSIVE;
				GCC_WARN_UNUSED_FUNCTION = YES;
				GCC_WARN_UNUSED_VARIABLE = YES;
				IPHONEOS_DEPLOYMENT_TARGET = 14.1;
				MTL_ENABLE_DEBUG_INFO = NO;
				MTL_FAST_MATH = YES;
				SDKROOT = iphoneos;
				SWIFT_COMPILATION_MODE = wholemodule;
				SWIFT_OPTIMIZATION_LEVEL = "-O";
				VALIDATE_PRODUCT = YES;
			};
			name = Release;
		};
		7555FFA6242A565B00829871 /* Debug */ = {
			isa = XCBuildConfiguration;
			buildSettings = {
				ARCHS = "$(ARCHS_STANDARD)";
				ASSETCATALOG_COMPILER_APPICON_NAME = AppIcon;
				CLANG_ENABLE_MODULES = YES;
				CLANG_WARN_COMPLETION_HANDLER_MISUSE = YES;
				CODE_SIGN_STYLE = Automatic;
				DEVELOPMENT_ASSET_PATHS = "\"iosApp/Resources/Preview Content\"";
				DEVELOPMENT_TEAM = S2X9VNR2UC;
				ENABLE_PREVIEWS = YES;
				"EXCLUDED_ARCHS[sdk=iphonesimulator*]" = "";
				FRAMEWORK_SEARCH_PATHS = (
					"\"$(SRCROOT)/../shared/build/XCFrameworks\"/**",
					"\"$(SRCROOT)/Modules\"/**",
				);
				INFOPLIST_FILE = iosApp/Info.plist;
				IPHONEOS_DEPLOYMENT_TARGET = 15.0;
				LD_RUNPATH_SEARCH_PATHS = (
					"$(inherited)",
					"@executable_path/Frameworks",
				);
				PRODUCT_BUNDLE_IDENTIFIER = io.projectnewm.iosApp;
				PRODUCT_NAME = "$(TARGET_NAME)";
				SWIFT_OPTIMIZATION_LEVEL = "-Onone";
				SWIFT_VERSION = 5.0;
				TARGETED_DEVICE_FAMILY = "1,2";
			};
			name = Debug;
		};
		7555FFA7242A565B00829871 /* Release */ = {
			isa = XCBuildConfiguration;
			buildSettings = {
				ARCHS = "$(ARCHS_STANDARD)";
				ASSETCATALOG_COMPILER_APPICON_NAME = AppIcon;
				CLANG_ENABLE_MODULES = YES;
				CLANG_WARN_COMPLETION_HANDLER_MISUSE = YES;
				CODE_SIGN_STYLE = Automatic;
				DEVELOPMENT_ASSET_PATHS = "\"iosApp/Resources/Preview Content\"";
				DEVELOPMENT_TEAM = S2X9VNR2UC;
				ENABLE_PREVIEWS = YES;
				"EXCLUDED_ARCHS[sdk=iphonesimulator*]" = "";
				FRAMEWORK_SEARCH_PATHS = (
					"\"$(SRCROOT)/../shared/build/XCFrameworks\"/**",
					"\"$(SRCROOT)/Modules\"/**",
				);
				INFOPLIST_FILE = iosApp/Info.plist;
				IPHONEOS_DEPLOYMENT_TARGET = 15.0;
				LD_RUNPATH_SEARCH_PATHS = (
					"$(inherited)",
					"@executable_path/Frameworks",
				);
				PRODUCT_BUNDLE_IDENTIFIER = io.projectnewm.iosApp;
				PRODUCT_NAME = "$(TARGET_NAME)";
				SWIFT_VERSION = 5.0;
				TARGETED_DEVICE_FAMILY = "1,2";
			};
			name = Release;
		};
		7683129127A38F490056BC6B /* Debug */ = {
			isa = XCBuildConfiguration;
			buildSettings = {
				ALWAYS_EMBED_SWIFT_STANDARD_LIBRARIES = YES;
				CLANG_CXX_LANGUAGE_STANDARD = "gnu++17";
				CLANG_ENABLE_MODULES = YES;
				"CODE_SIGN_IDENTITY[sdk=macosx*]" = "-";
				CODE_SIGN_STYLE = Automatic;
				CURRENT_PROJECT_VERSION = 1;
				DEBUG_INFORMATION_FORMAT = dwarf;
				DEVELOPMENT_TEAM = "";
				GENERATE_INFOPLIST_FILE = YES;
				IPHONEOS_DEPLOYMENT_TARGET = 15.2;
				LD_RUNPATH_SEARCH_PATHS = (
					"$(inherited)",
					"@executable_path/Frameworks",
					"@loader_path/Frameworks",
				);
				MARKETING_VERSION = 1.0;
				PRODUCT_BUNDLE_IDENTIFIER = io.projectnewm.iosAppTests;
				PRODUCT_NAME = "$(TARGET_NAME)";
				SWIFT_EMIT_LOC_STRINGS = NO;
				SWIFT_OPTIMIZATION_LEVEL = "-Onone";
				SWIFT_VERSION = 5.0;
				TARGETED_DEVICE_FAMILY = "1,2";
				TEST_HOST = "$(BUILT_PRODUCTS_DIR)/iosApp.app/iosApp";
			};
			name = Debug;
		};
		7683129227A38F490056BC6B /* Release */ = {
			isa = XCBuildConfiguration;
			buildSettings = {
				ALWAYS_EMBED_SWIFT_STANDARD_LIBRARIES = YES;
				CLANG_CXX_LANGUAGE_STANDARD = "gnu++17";
				CLANG_ENABLE_MODULES = YES;
				"CODE_SIGN_IDENTITY[sdk=macosx*]" = "-";
				CODE_SIGN_STYLE = Automatic;
				CURRENT_PROJECT_VERSION = 1;
				DEVELOPMENT_TEAM = "";
				GENERATE_INFOPLIST_FILE = YES;
				IPHONEOS_DEPLOYMENT_TARGET = 15.2;
				LD_RUNPATH_SEARCH_PATHS = (
					"$(inherited)",
					"@executable_path/Frameworks",
					"@loader_path/Frameworks",
				);
				MARKETING_VERSION = 1.0;
				PRODUCT_BUNDLE_IDENTIFIER = io.projectnewm.iosAppTests;
				PRODUCT_NAME = "$(TARGET_NAME)";
				SWIFT_EMIT_LOC_STRINGS = NO;
				SWIFT_VERSION = 5.0;
				TARGETED_DEVICE_FAMILY = "1,2";
				TEST_HOST = "$(BUILT_PRODUCTS_DIR)/iosApp.app/iosApp";
			};
			name = Release;
		};
		76B770F427C5F2070009A58E /* Debug */ = {
			isa = XCBuildConfiguration;
			buildSettings = {
				ALWAYS_EMBED_SWIFT_STANDARD_LIBRARIES = YES;
				CLANG_CXX_LANGUAGE_STANDARD = "gnu++17";
				CODE_SIGN_STYLE = Automatic;
				CURRENT_PROJECT_VERSION = 1;
				DEBUG_INFORMATION_FORMAT = dwarf;
				GENERATE_INFOPLIST_FILE = YES;
				IPHONEOS_DEPLOYMENT_TARGET = 15.2;
				MARKETING_VERSION = 1.0;
				PRODUCT_BUNDLE_IDENTIFIER = io.projectnewm.iosAppUITests;
				PRODUCT_NAME = "$(TARGET_NAME)";
				SWIFT_EMIT_LOC_STRINGS = NO;
				SWIFT_VERSION = 5.0;
				TARGETED_DEVICE_FAMILY = "1,2";
				TEST_TARGET_NAME = iosApp;
			};
			name = Debug;
		};
		76B770F527C5F2070009A58E /* Release */ = {
			isa = XCBuildConfiguration;
			buildSettings = {
				ALWAYS_EMBED_SWIFT_STANDARD_LIBRARIES = YES;
				CLANG_CXX_LANGUAGE_STANDARD = "gnu++17";
				CODE_SIGN_STYLE = Automatic;
				CURRENT_PROJECT_VERSION = 1;
				GENERATE_INFOPLIST_FILE = YES;
				IPHONEOS_DEPLOYMENT_TARGET = 15.2;
				MARKETING_VERSION = 1.0;
				PRODUCT_BUNDLE_IDENTIFIER = io.projectnewm.iosAppUITests;
				PRODUCT_NAME = "$(TARGET_NAME)";
				SWIFT_EMIT_LOC_STRINGS = NO;
				SWIFT_VERSION = 5.0;
				TARGETED_DEVICE_FAMILY = "1,2";
				TEST_TARGET_NAME = iosApp;
			};
			name = Release;
		};
/* End XCBuildConfiguration section */

/* Begin XCConfigurationList section */
		7555FF76242A565900829871 /* Build configuration list for PBXProject "iosApp" */ = {
			isa = XCConfigurationList;
			buildConfigurations = (
				7555FFA3242A565B00829871 /* Debug */,
				7555FFA4242A565B00829871 /* Release */,
			);
			defaultConfigurationIsVisible = 0;
			defaultConfigurationName = Release;
		};
		7555FFA5242A565B00829871 /* Build configuration list for PBXNativeTarget "iosApp" */ = {
			isa = XCConfigurationList;
			buildConfigurations = (
				7555FFA6242A565B00829871 /* Debug */,
				7555FFA7242A565B00829871 /* Release */,
			);
			defaultConfigurationIsVisible = 0;
			defaultConfigurationName = Release;
		};
		7683129327A38F490056BC6B /* Build configuration list for PBXNativeTarget "iosAppTests" */ = {
			isa = XCConfigurationList;
			buildConfigurations = (
				7683129127A38F490056BC6B /* Debug */,
				7683129227A38F490056BC6B /* Release */,
			);
			defaultConfigurationIsVisible = 0;
			defaultConfigurationName = Release;
		};
		76B770F327C5F2070009A58E /* Build configuration list for PBXNativeTarget "iosAppUITests" */ = {
			isa = XCConfigurationList;
			buildConfigurations = (
				76B770F427C5F2070009A58E /* Debug */,
				76B770F527C5F2070009A58E /* Release */,
			);
			defaultConfigurationIsVisible = 0;
			defaultConfigurationName = Release;
		};
/* End XCConfigurationList section */
	};
	rootObject = 7555FF73242A565900829871 /* Project object */;
}
