{
  "pins" : [
    {
      "identity" : "resolver",
      "kind" : "remoteSourceControl",
      "location" : "https://github.com/hmlongco/Resolver",
      "state" : {
        "branch" : "master",
        "revision" : "4d2f11269f14c0a91ed52b2662c9c7db6f7f8e60"
      }
    },
    {
      "identity" : "swift-case-paths",
      "kind" : "remoteSourceControl",
      "location" : "https://github.com/pointfreeco/swift-case-paths",
      "state" : {
        "branch" : "main",
        "revision" : "63797b9bf50f1bd7e817a1c336f340097fda412a"
      }
    },
    {
      "identity" : "swiftui-navigation",
      "kind" : "remoteSourceControl",
      "location" : "https://github.com/pointfreeco/swiftui-navigation",
      "state" : {
        "branch" : "main",
        "revision" : "7191be709528b0d0040105c7071d35fbb923d462"
      }
    }
  ],
  "version" : 2
}
